
Microsoft Visual Studio Solution File, Format Version 12.00
# Visual Studio Version 16
VisualStudioVersion = 16.0.810.14
MinimumVisualStudioVersion = 10.0.40219.1
Project("{FAE04EC0-301F-11D3-BF4B-00C04F79EFBC}") = "storageorganizer", "storageorganizer.csproj", "{1CD69B0E-D12A-4951-8A36-EA32F1E13C29}"
EndProject
Global
	GlobalSection(SolutionConfigurationPlatforms) = preSolution
		Debug|Any CPU = Debug|Any CPU
		Release|Any CPU = Release|Any CPU
	EndGlobalSection
	GlobalSection(ProjectConfigurationPlatforms) = postSolution
		{1CD69B0E-D12A-4951-8A36-EA32F1E13C29}.Debug|Any CPU.ActiveCfg = Debug|Any CPU
		{1CD69B0E-D12A-4951-8A36-EA32F1E13C29}.Debug|Any CPU.Build.0 = Debug|Any CPU
		{1CD69B0E-D12A-4951-8A36-EA32F1E13C29}.Release|Any CPU.ActiveCfg = Release|Any CPU
		{1CD69B0E-D12A-4951-8A36-EA32F1E13C29}.Release|Any CPU.Build.0 = Release|Any CPU
	EndGlobalSection
	GlobalSection(SolutionProperties) = preSolution
		HideSolutionNode = FALSE
	EndGlobalSection
	GlobalSection(ExtensibilityGlobals) = postSolution
		SolutionGuid = {F7BA2955-D73C-4F40-B2A4-207AC7D18836}
	EndGlobalSection
EndGlobal
